// !$*UTF8*$!
{
	archiveVersion = 1;
	classes = {
	};
	objectVersion = 46;
	objects = {

/* Begin PBXBuildFile section */
		D254F7661D41DA62008647D3 /* main.m in Sources */ = {isa = PBXBuildFile; fileRef = D254F7651D41DA62008647D3 /* main.m */; };
		D254F7691D41DA62008647D3 /* AppDelegate.m in Sources */ = {isa = PBXBuildFile; fileRef = D254F7681D41DA62008647D3 /* AppDelegate.m */; };
		D254F76C1D41DA62008647D3 /* ViewController.m in Sources */ = {isa = PBXBuildFile; fileRef = D254F76B1D41DA62008647D3 /* ViewController.m */; };
		D254F76F1D41DA62008647D3 /* Main.storyboard in Resources */ = {isa = PBXBuildFile; fileRef = D254F76D1D41DA62008647D3 /* Main.storyboard */; };
		D254F7711D41DA62008647D3 /* Assets.xcassets in Resources */ = {isa = PBXBuildFile; fileRef = D254F7701D41DA62008647D3 /* Assets.xcassets */; };
		D254F7741D41DA62008647D3 /* LaunchScreen.storyboard in Resources */ = {isa = PBXBuildFile; fileRef = D254F7721D41DA62008647D3 /* LaunchScreen.storyboard */; };
		D254F77F1D41DA62008647D3 /* MarqueeDemoTests.m in Sources */ = {isa = PBXBuildFile; fileRef = D254F77E1D41DA62008647D3 /* MarqueeDemoTests.m */; };
		D254F78A1D41DA62008647D3 /* MarqueeDemoUITests.m in Sources */ = {isa = PBXBuildFile; fileRef = D254F7891D41DA62008647D3 /* MarqueeDemoUITests.m */; };
		D254F79C1D41DAAE008647D3 /* MarqueeView.m in Sources */ = {isa = PBXBuildFile; fileRef = D254F7991D41DAAE008647D3 /* MarqueeView.m */; };
		D254F79D1D41DAAE008647D3 /* UILabel+Extend.m in Sources */ = {isa = PBXBuildFile; fileRef = D254F79B1D41DAAE008647D3 /* UILabel+Extend.m */; };
/* End PBXBuildFile section */

/* Begin PBXContainerItemProxy section */
		D254F77B1D41DA62008647D3 /* PBXContainerItemProxy */ = {
			isa = PBXContainerItemProxy;
			containerPortal = D254F7591D41DA62008647D3 /* Project object */;
			proxyType = 1;
			remoteGlobalIDString = D254F7601D41DA62008647D3;
			remoteInfo = MarqueeDemo;
		};
		D254F7861D41DA62008647D3 /* PBXContainerItemProxy */ = {
			isa = PBXContainerItemProxy;
			containerPortal = D254F7591D41DA62008647D3 /* Project object */;
			proxyType = 1;
			remoteGlobalIDString = D254F7601D41DA62008647D3;
			remoteInfo = MarqueeDemo;
		};
/* End PBXContainerItemProxy section */

/* Begin PBXFileReference section */
		D254F7611D41DA62008647D3 /* MarqueeDemo.app */ = {isa = PBXFileReference; explicitFileType = wrapper.application; includeInIndex = 0; path = MarqueeDemo.app; sourceTree = BUILT_PRODUCTS_DIR; };
		D254F7651D41DA62008647D3 /* main.m */ = {isa = PBXFileReference; lastKnownFileType = sourcecode.c.objc; path = main.m; sourceTree = "<group>"; };
		D254F7671D41DA62008647D3 /* AppDelegate.h */ = {isa = PBXFileReference; lastKnownFileType = sourcecode.c.h; path = AppDelegate.h; sourceTree = "<group>"; };
		D254F7681D41DA62008647D3 /* AppDelegate.m */ = {isa = PBXFileReference; lastKnownFileType = sourcecode.c.objc; path = AppDelegate.m; sourceTree = "<group>"; };
		D254F76A1D41DA62008647D3 /* ViewController.h */ = {isa = PBXFileReference; lastKnownFileType = sourcecode.c.h; path = ViewController.h; sourceTree = "<group>"; };
		D254F76B1D41DA62008647D3 /* ViewController.m */ = {isa = PBXFileReference; lastKnownFileType = sourcecode.c.objc; path = ViewController.m; sourceTree = "<group>"; };
		D254F76E1D41DA62008647D3 /* Base */ = {isa = PBXFileReference; lastKnownFileType = file.storyboard; name = Base; path = Base.lproj/Main.storyboard; sourceTree = "<group>"; };
		D254F7701D41DA62008647D3 /* Assets.xcassets */ = {isa = PBXFileReference; lastKnownFileType = folder.assetcatalog; path = Assets.xcassets; sourceTree = "<group>"; };
		D254F7731D41DA62008647D3 /* Base */ = {isa = PBXFileReference; lastKnownFileType = file.storyboard; name = Base; path = Base.lproj/LaunchScreen.storyboard; sourceTree = "<group>"; };
		D254F7751D41DA62008647D3 /* Info.plist */ = {isa = PBXFileReference; lastKnownFileType = text.plist.xml; path = Info.plist; sourceTree = "<group>"; };
		D254F77A1D41DA62008647D3 /* MarqueeDemoTests.xctest */ = {isa = PBXFileReference; explicitFileType = wrapper.cfbundle; includeInIndex = 0; path = MarqueeDemoTests.xctest; sourceTree = BUILT_PRODUCTS_DIR; };
		D254F77E1D41DA62008647D3 /* MarqueeDemoTests.m */ = {isa = PBXFileReference; lastKnownFileType = sourcecode.c.objc; path = MarqueeDemoTests.m; sourceTree = "<group>"; };
		D254F7801D41DA62008647D3 /* Info.plist */ = {isa = PBXFileReference; lastKnownFileType = text.plist.xml; path = Info.plist; sourceTree = "<group>"; };
		D254F7851D41DA62008647D3 /* MarqueeDemoUITests.xctest */ = {isa = PBXFileReference; explicitFileType = wrapper.cfbundle; includeInIndex = 0; path = MarqueeDemoUITests.xctest; sourceTree = BUILT_PRODUCTS_DIR; };
		D254F7891D41DA62008647D3 /* MarqueeDemoUITests.m */ = {isa = PBXFileReference; lastKnownFileType = sourcecode.c.objc; path = MarqueeDemoUITests.m; sourceTree = "<group>"; };
		D254F78B1D41DA62008647D3 /* Info.plist */ = {isa = PBXFileReference; lastKnownFileType = text.plist.xml; path = Info.plist; sourceTree = "<group>"; };
		D254F7981D41DAAE008647D3 /* MarqueeView.h */ = {isa = PBXFileReference; fileEncoding = 4; lastKnownFileType = sourcecode.c.h; path = MarqueeView.h; sourceTree = "<group>"; };
		D254F7991D41DAAE008647D3 /* MarqueeView.m */ = {isa = PBXFileReference; fileEncoding = 4; lastKnownFileType = sourcecode.c.objc; path = MarqueeView.m; sourceTree = "<group>"; };
		D254F79A1D41DAAE008647D3 /* UILabel+Extend.h */ = {isa = PBXFileReference; fileEncoding = 4; lastKnownFileType = sourcecode.c.h; path = "UILabel+Extend.h"; sourceTree = "<group>"; };
		D254F79B1D41DAAE008647D3 /* UILabel+Extend.m */ = {isa = PBXFileReference; fileEncoding = 4; lastKnownFileType = sourcecode.c.objc; path = "UILabel+Extend.m"; sourceTree = "<group>"; };
/* End PBXFileReference section */

/* Begin PBXFrameworksBuildPhase section */
		D254F75E1D41DA62008647D3 /* Frameworks */ = {
			isa = PBXFrameworksBuildPhase;
			buildActionMask = 2147483647;
			files = (
			);
			runOnlyForDeploymentPostprocessing = 0;
		};
		D254F7771D41DA62008647D3 /* Frameworks */ = {
			isa = PBXFrameworksBuildPhase;
			buildActionMask = 2147483647;
			files = (
			);
			runOnlyForDeploymentPostprocessing = 0;
		};
		D254F7821D41DA62008647D3 /* Frameworks */ = {
			isa = PBXFrameworksBuildPhase;
			buildActionMask = 2147483647;
			files = (
			);
			runOnlyForDeploymentPostprocessing = 0;
		};
/* End PBXFrameworksBuildPhase section */

/* Begin PBXGroup section */
		D254F7581D41DA62008647D3 = {
			isa = PBXGroup;
			children = (
				D254F7631D41DA62008647D3 /* MarqueeDemo */,
				D254F77D1D41DA62008647D3 /* MarqueeDemoTests */,
				D254F7881D41DA62008647D3 /* MarqueeDemoUITests */,
				D254F7621D41DA62008647D3 /* Products */,
			);
			sourceTree = "<group>";
		};
		D254F7621D41DA62008647D3 /* Products */ = {
			isa = PBXGroup;
			children = (
				D254F7611D41DA62008647D3 /* MarqueeDemo.app */,
				D254F77A1D41DA62008647D3 /* MarqueeDemoTests.xctest */,
				D254F7851D41DA62008647D3 /* MarqueeDemoUITests.xctest */,
			);
			name = Products;
			sourceTree = "<group>";
		};
		D254F7631D41DA62008647D3 /* MarqueeDemo */ = {
			isa = PBXGroup;
			children = (
				D254F7971D41DAAE008647D3 /* BlackerMarquee */,
				D254F7671D41DA62008647D3 /* AppDelegate.h */,
				D254F7681D41DA62008647D3 /* AppDelegate.m */,
				D254F76A1D41DA62008647D3 /* ViewController.h */,
				D254F76B1D41DA62008647D3 /* ViewController.m */,
				D254F76D1D41DA62008647D3 /* Main.storyboard */,
				D254F7701D41DA62008647D3 /* Assets.xcassets */,
				D254F7721D41DA62008647D3 /* LaunchScreen.storyboard */,
				D254F7751D41DA62008647D3 /* Info.plist */,
				D254F7641D41DA62008647D3 /* Supporting Files */,
			);
			path = MarqueeDemo;
			sourceTree = "<group>";
		};
		D254F7641D41DA62008647D3 /* Supporting Files */ = {
			isa = PBXGroup;
			children = (
				D254F7651D41DA62008647D3 /* main.m */,
			);
			name = "Supporting Files";
			sourceTree = "<group>";
		};
		D254F77D1D41DA62008647D3 /* MarqueeDemoTests */ = {
			isa = PBXGroup;
			children = (
				D254F77E1D41DA62008647D3 /* MarqueeDemoTests.m */,
				D254F7801D41DA62008647D3 /* Info.plist */,
			);
			path = MarqueeDemoTests;
			sourceTree = "<group>";
		};
		D254F7881D41DA62008647D3 /* MarqueeDemoUITests */ = {
			isa = PBXGroup;
			children = (
				D254F7891D41DA62008647D3 /* MarqueeDemoUITests.m */,
				D254F78B1D41DA62008647D3 /* Info.plist */,
			);
			path = MarqueeDemoUITests;
			sourceTree = "<group>";
		};
		D254F7971D41DAAE008647D3 /* BlackerMarquee */ = {
			isa = PBXGroup;
			children = (
				D254F7981D41DAAE008647D3 /* MarqueeView.h */,
				D254F7991D41DAAE008647D3 /* MarqueeView.m */,
				D254F79A1D41DAAE008647D3 /* UILabel+Extend.h */,
				D254F79B1D41DAAE008647D3 /* UILabel+Extend.m */,
			);
			path = BlackerMarquee;
			sourceTree = "<group>";
		};
/* End PBXGroup section */

/* Begin PBXNativeTarget section */
		D254F7601D41DA62008647D3 /* MarqueeDemo */ = {
			isa = PBXNativeTarget;
			buildConfigurationList = D254F78E1D41DA62008647D3 /* Build configuration list for PBXNativeTarget "MarqueeDemo" */;
			buildPhases = (
				D254F75D1D41DA62008647D3 /* Sources */,
				D254F75E1D41DA62008647D3 /* Frameworks */,
				D254F75F1D41DA62008647D3 /* Resources */,
			);
			buildRules = (
			);
			dependencies = (
			);
			name = MarqueeDemo;
			productName = MarqueeDemo;
			productReference = D254F7611D41DA62008647D3 /* MarqueeDemo.app */;
			productType = "com.apple.product-type.application";
		};
		D254F7791D41DA62008647D3 /* MarqueeDemoTests */ = {
			isa = PBXNativeTarget;
			buildConfigurationList = D254F7911D41DA62008647D3 /* Build configuration list for PBXNativeTarget "MarqueeDemoTests" */;
			buildPhases = (
				D254F7761D41DA62008647D3 /* Sources */,
				D254F7771D41DA62008647D3 /* Frameworks */,
				D254F7781D41DA62008647D3 /* Resources */,
			);
			buildRules = (
			);
			dependencies = (
				D254F77C1D41DA62008647D3 /* PBXTargetDependency */,
			);
			name = MarqueeDemoTests;
			productName = MarqueeDemoTests;
			productReference = D254F77A1D41DA62008647D3 /* MarqueeDemoTests.xctest */;
			productType = "com.apple.product-type.bundle.unit-test";
		};
		D254F7841D41DA62008647D3 /* MarqueeDemoUITests */ = {
			isa = PBXNativeTarget;
			buildConfigurationList = D254F7941D41DA62008647D3 /* Build configuration list for PBXNativeTarget "MarqueeDemoUITests" */;
			buildPhases = (
				D254F7811D41DA62008647D3 /* Sources */,
				D254F7821D41DA62008647D3 /* Frameworks */,
				D254F7831D41DA62008647D3 /* Resources */,
			);
			buildRules = (
			);
			dependencies = (
				D254F7871D41DA62008647D3 /* PBXTargetDependency */,
			);
			name = MarqueeDemoUITests;
			productName = MarqueeDemoUITests;
			productReference = D254F7851D41DA62008647D3 /* MarqueeDemoUITests.xctest */;
			productType = "com.apple.product-type.bundle.ui-testing";
		};
/* End PBXNativeTarget section */

/* Begin PBXProject section */
		D254F7591D41DA62008647D3 /* Project object */ = {
			isa = PBXProject;
			attributes = {
				LastUpgradeCheck = 0730;
				ORGANIZATIONNAME = NaQiang_iMac;
				TargetAttributes = {
					D254F7601D41DA62008647D3 = {
						CreatedOnToolsVersion = 7.3;
					};
					D254F7791D41DA62008647D3 = {
						CreatedOnToolsVersion = 7.3;
						TestTargetID = D254F7601D41DA62008647D3;
					};
					D254F7841D41DA62008647D3 = {
						CreatedOnToolsVersion = 7.3;
						TestTargetID = D254F7601D41DA62008647D3;
					};
				};
			};
			buildConfigurationList = D254F75C1D41DA62008647D3 /* Build configuration list for PBXProject "MarqueeDemo" */;
			compatibilityVersion = "Xcode 3.2";
			developmentRegion = English;
			hasScannedForEncodings = 0;
			knownRegions = (
				en,
				Base,
			);
			mainGroup = D254F7581D41DA62008647D3;
			productRefGroup = D254F7621D41DA62008647D3 /* Products */;
			projectDirPath = "";
			projectRoot = "";
			targets = (
				D254F7601D41DA62008647D3 /* MarqueeDemo */,
				D254F7791D41DA62008647D3 /* MarqueeDemoTests */,
				D254F7841D41DA62008647D3 /* MarqueeDemoUITests */,
			);
		};
/* End PBXProject section */

/* Begin PBXResourcesBuildPhase section */
		D254F75F1D41DA62008647D3 /* Resources */ = {
			isa = PBXResourcesBuildPhase;
			buildActionMask = 2147483647;
			files = (
				D254F7741D41DA62008647D3 /* LaunchScreen.storyboard in Resources */,
				D254F7711D41DA62008647D3 /* Assets.xcassets in Resources */,
				D254F76F1D41DA62008647D3 /* Main.storyboard in Resources */,
			);
			runOnlyForDeploymentPostprocessing = 0;
		};
		D254F7781D41DA62008647D3 /* Resources */ = {
			isa = PBXResourcesBuildPhase;
			buildActionMask = 2147483647;
			files = (
			);
			runOnlyForDeploymentPostprocessing = 0;
		};
		D254F7831D41DA62008647D3 /* Resources */ = {
			isa = PBXResourcesBuildPhase;
			buildActionMask = 2147483647;
			files = (
			);
			runOnlyForDeploymentPostprocessing = 0;
		};
/* End PBXResourcesBuildPhase section */

/* Begin PBXSourcesBuildPhase section */
		D254F75D1D41DA62008647D3 /* Sources */ = {
			isa = PBXSourcesBuildPhase;
			buildActionMask = 2147483647;
			files = (
				D254F76C1D41DA62008647D3 /* ViewController.m in Sources */,
				D254F7691D41DA62008647D3 /* AppDelegate.m in Sources */,
				D254F7661D41DA62008647D3 /* main.m in Sources */,
				D254F79D1D41DAAE008647D3 /* UILabel+Extend.m in Sources */,
				D254F79C1D41DAAE008647D3 /* MarqueeView.m in Sources */,
			);
			runOnlyForDeploymentPostprocessing = 0;
		};
		D254F7761D41DA62008647D3 /* Sources */ = {
			isa = PBXSourcesBuildPhase;
			buildActionMask = 2147483647;
			files = (
				D254F77F1D41DA62008647D3 /* MarqueeDemoTests.m in Sources */,
			);
			runOnlyForDeploymentPostprocessing = 0;
		};
		D254F7811D41DA62008647D3 /* Sources */ = {
			isa = PBXSourcesBuildPhase;
			buildActionMask = 2147483647;
			files = (
				D254F78A1D41DA62008647D3 /* MarqueeDemoUITests.m in Sources */,
			);
			runOnlyForDeploymentPostprocessing = 0;
		};
/* End PBXSourcesBuildPhase section */

/* Begin PBXTargetDependency section */
		D254F77C1D41DA62008647D3 /* PBXTargetDependency */ = {
			isa = PBXTargetDependency;
			target = D254F7601D41DA62008647D3 /* MarqueeDemo */;
			targetProxy = D254F77B1D41DA62008647D3 /* PBXContainerItemProxy */;
		};
		D254F7871D41DA62008647D3 /* PBXTargetDependency */ = {
			isa = PBXTargetDependency;
			target = D254F7601D41DA62008647D3 /* MarqueeDemo */;
			targetProxy = D254F7861D41DA62008647D3 /* PBXContainerItemProxy */;
		};
/* End PBXTargetDependency section */

/* Begin PBXVariantGroup section */
		D254F76D1D41DA62008647D3 /* Main.storyboard */ = {
			isa = PBXVariantGroup;
			children = (
				D254F76E1D41DA62008647D3 /* Base */,
			);
			name = Main.storyboard;
			sourceTree = "<group>";
		};
		D254F7721D41DA62008647D3 /* LaunchScreen.storyboard */ = {
			isa = PBXVariantGroup;
			children = (
				D254F7731D41DA62008647D3 /* Base */,
			);
			name = LaunchScreen.storyboard;
			sourceTree = "<group>";
		};
/* End PBXVariantGroup section */

/* Begin XCBuildConfiguration section */
		D254F78C1D41DA62008647D3 /* Debug */ = {
			isa = XCBuildConfiguration;
			buildSettings = {
				ALWAYS_SEARCH_USER_PATHS = NO;
				CLANG_ANALYZER_NONNULL = YES;
				CLANG_CXX_LANGUAGE_STANDARD = "gnu++0x";
				CLANG_CXX_LIBRARY = "libc++";
				CLANG_ENABLE_MODULES = YES;
				CLANG_ENABLE_OBJC_ARC = YES;
				CLANG_WARN_BOOL_CONVERSION = YES;
				CLANG_WARN_CONSTANT_CONVERSION = YES;
				CLANG_WARN_DIRECT_OBJC_ISA_USAGE = YES_ERROR;
				CLANG_WARN_EMPTY_BODY = YES;
				CLANG_WARN_ENUM_CONVERSION = YES;
				CLANG_WARN_INT_CONVERSION = YES;
				CLANG_WARN_OBJC_ROOT_CLASS = YES_ERROR;
				CLANG_WARN_UNREACHABLE_CODE = YES;
				CLANG_WARN__DUPLICATE_METHOD_MATCH = YES;
				"CODE_SIGN_IDENTITY[sdk=iphoneos*]" = "iPhone Developer";
				COPY_PHASE_STRIP = NO;
				DEBUG_INFORMATION_FORMAT = dwarf;
				ENABLE_STRICT_OBJC_MSGSEND = YES;
				ENABLE_TESTABILITY = YES;
				GCC_C_LANGUAGE_STANDARD = gnu99;
				GCC_DYNAMIC_NO_PIC = NO;
				GCC_NO_COMMON_BLOCKS = YES;
				GCC_OPTIMIZATION_LEVEL = 0;
				GCC_PREPROCESSOR_DEFINITIONS = (
					"DEBUG=1",
					"$(inherited)",
				);
				GCC_WARN_64_TO_32_BIT_CONVERSION = YES;
				GCC_WARN_ABOUT_RETURN_TYPE = YES_ERROR;
				GCC_WARN_UNDECLARED_SELECTOR = YES;
				GCC_WARN_UNINITIALIZED_AUTOS = YES_AGGRESSIVE;
				GCC_WARN_UNUSED_FUNCTION = YES;
				GCC_WARN_UNUSED_VARIABLE = YES;
				IPHONEOS_DEPLOYMENT_TARGET = 9.3;
				MTL_ENABLE_DEBUG_INFO = YES;
				ONLY_ACTIVE_ARCH = YES;
				SDKROOT = iphoneos;
			};
			name = Debug;
		};
		D254F78D1D41DA62008647D3 /* Release */ = {
			isa = XCBuildConfiguration;
			buildSettings = {
				ALWAYS_SEARCH_USER_PATHS = NO;
				CLANG_ANALYZER_NONNULL = YES;
				CLANG_CXX_LANGUAGE_STANDARD = "gnu++0x";
				CLANG_CXX_LIBRARY = "libc++";
				CLANG_ENABLE_MODULES = YES;
				CLANG_ENABLE_OBJC_ARC = YES;
				CLANG_WARN_BOOL_CONVERSION = YES;
				CLANG_WARN_CONSTANT_CONVERSION = YES;
				CLANG_WARN_DIRECT_OBJC_ISA_USAGE = YES_ERROR;
				CLANG_WARN_EMPTY_BODY = YES;
				CLANG_WARN_ENUM_CONVERSION = YES;
				CLANG_WARN_INT_CONVERSION = YES;
				CLANG_WARN_OBJC_ROOT_CLASS = YES_ERROR;
				CLANG_WARN_UNREACHABLE_CODE = YES;
				CLANG_WARN__DUPLICATE_METHOD_MATCH = YES;
				"CODE_SIGN_IDENTITY[sdk=iphoneos*]" = "iPhone Developer";
				COPY_PHASE_STRIP = NO;
				DEBUG_INFORMATION_FORMAT = "dwarf-with-dsym";
				ENABLE_NS_ASSERTIONS = NO;
				ENABLE_STRICT_OBJC_MSGSEND = YES;
				GCC_C_LANGUAGE_STANDARD = gnu99;
				GCC_NO_COMMON_BLOCKS = YES;
				GCC_WARN_64_TO_32_BIT_CONVERSION = YES;
				GCC_WARN_ABOUT_RETURN_TYPE = YES_ERROR;
				GCC_WARN_UNDECLARED_SELECTOR = YES;
				GCC_WARN_UNINITIALIZED_AUTOS = YES_AGGRESSIVE;
				GCC_WARN_UNUSED_FUNCTION = YES;
				GCC_WARN_UNUSED_VARIABLE = YES;
				IPHONEOS_DEPLOYMENT_TARGET = 9.3;
				MTL_ENABLE_DEBUG_INFO = NO;
				SDKROOT = iphoneos;
				VALIDATE_PRODUCT = YES;
			};
			name = Release;
		};
		D254F78F1D41DA62008647D3 /* Debug */ = {
			isa = XCBuildConfiguration;
			buildSettings = {
				ASSETCATALOG_COMPILER_APPICON_NAME = AppIcon;
				INFOPLIST_FILE = MarqueeDemo/Info.plist;
				LD_RUNPATH_SEARCH_PATHS = "$(inherited) @executable_path/Frameworks";
				PRODUCT_BUNDLE_IDENTIFIER = con.nq.MarqueeDemo;
				PRODUCT_NAME = "$(TARGET_NAME)";
			};
			name = Debug;
		};
		D254F7901D41DA62008647D3 /* Release */ = {
			isa = XCBuildConfiguration;
			buildSettings = {
				ASSETCATALOG_COMPILER_APPICON_NAME = AppIcon;
				INFOPLIST_FILE = MarqueeDemo/Info.plist;
				LD_RUNPATH_SEARCH_PATHS = "$(inherited) @executable_path/Frameworks";
				PRODUCT_BUNDLE_IDENTIFIER = con.nq.MarqueeDemo;
				PRODUCT_NAME = "$(TARGET_NAME)";
			};
			name = Release;
		};
		D254F7921D41DA62008647D3 /* Debug */ = {
			isa = XCBuildConfiguration;
			buildSettings = {
				BUNDLE_LOADER = "$(TEST_HOST)";
				INFOPLIST_FILE = MarqueeDemoTests/Info.plist;
				LD_RUNPATH_SEARCH_PATHS = "$(inherited) @executable_path/Frameworks @loader_path/Frameworks";
				PRODUCT_BUNDLE_IDENTIFIER = con.nq.MarqueeDemoTests;
				PRODUCT_NAME = "$(TARGET_NAME)";
				TEST_HOST = "$(BUILT_PRODUCTS_DIR)/MarqueeDemo.app/MarqueeDemo";
			};
			name = Debug;
		};
		D254F7931D41DA62008647D3 /* Release */ = {
			isa = XCBuildConfiguration;
			buildSettings = {
				BUNDLE_LOADER = "$(TEST_HOST)";
				INFOPLIST_FILE = MarqueeDemoTests/Info.plist;
				LD_RUNPATH_SEARCH_PATHS = "$(inherited) @executable_path/Frameworks @loader_path/Frameworks";
				PRODUCT_BUNDLE_IDENTIFIER = con.nq.MarqueeDemoTests;
				PRODUCT_NAME = "$(TARGET_NAME)";
				TEST_HOST = "$(BUILT_PRODUCTS_DIR)/MarqueeDemo.app/MarqueeDemo";
			};
			name = Release;
		};
		D254F7951D41DA62008647D3 /* Debug */ = {
			isa = XCBuildConfiguration;
			buildSettings = {
				INFOPLIST_FILE = MarqueeDemoUITests/Info.plist;
				LD_RUNPATH_SEARCH_PATHS = "$(inherited) @executable_path/Frameworks @loader_path/Frameworks";
				PRODUCT_BUNDLE_IDENTIFIER = con.nq.MarqueeDemoUITests;
				PRODUCT_NAME = "$(TARGET_NAME)";
				TEST_TARGET_NAME = MarqueeDemo;
			};
			name = Debug;
		};
		D254F7961D41DA62008647D3 /* Release */ = {
			isa = XCBuildConfiguration;
			buildSettings = {
				INFOPLIST_FILE = MarqueeDemoUITests/Info.plist;
				LD_RUNPATH_SEARCH_PATHS = "$(inherited) @executable_path/Frameworks @loader_path/Frameworks";
				PRODUCT_BUNDLE_IDENTIFIER = con.nq.MarqueeDemoUITests;
				PRODUCT_NAME = "$(TARGET_NAME)";
				TEST_TARGET_NAME = MarqueeDemo;
			};
			name = Release;
		};
/* End XCBuildConfiguration section */

/* Begin XCConfigurationList section */
		D254F75C1D41DA62008647D3 /* Build configuration list for PBXProject "MarqueeDemo" */ = {
			isa = XCConfigurationList;
			buildConfigurations = (
				D254F78C1D41DA62008647D3 /* Debug */,
				D254F78D1D41DA62008647D3 /* Release */,
			);
			defaultConfigurationIsVisible = 0;
			defaultConfigurationName = Release;
		};
		D254F78E1D41DA62008647D3 /* Build configuration list for PBXNativeTarget "MarqueeDemo" */ = {
			isa = XCConfigurationList;
			buildConfigurations = (
				D254F78F1D41DA62008647D3 /* Debug */,
				D254F7901D41DA62008647D3 /* Release */,
			);
			defaultConfigurationIsVisible = 0;
		};
		D254F7911D41DA62008647D3 /* Build configuration list for PBXNativeTarget "MarqueeDemoTests" */ = {
			isa = XCConfigurationList;
			buildConfigurations = (
				D254F7921D41DA62008647D3 /* Debug */,
				D254F7931D41DA62008647D3 /* Release */,
			);
			defaultConfigurationIsVisible = 0;
		};
		D254F7941D41DA62008647D3 /* Build configuration list for PBXNativeTarget "MarqueeDemoUITests" */ = {
			isa = XCConfigurationList;
			buildConfigurations = (
				D254F7951D41DA62008647D3 /* Debug */,
				D254F7961D41DA62008647D3 /* Release */,
			);
			defaultConfigurationIsVisible = 0;
		};
/* End XCConfigurationList section */
	};
	rootObject = D254F7591D41DA62008647D3 /* Project object */;
}
